{
  "nodes": {
    "flakeNimbleLib": {
      "inputs": {
        "nixpkgs": [
          "nixpkgs"
        ]
      },
      "locked": {
        "lastModified": 1662018438,
        "narHash": "sha256-QtNtU6+LX3Wokxf0zlFwKTFOcn6TeDjKQZ+DA9OYtvM=",
        "owner": "riinr",
        "repo": "nim-flakes-lib",
        "rev": "b1fe8340736e3a85d25c709ac3dfd82a55c03cbf",
        "type": "github"
      },
      "original": {
        "owner": "riinr",
        "ref": "master",
        "repo": "nim-flakes-lib",
        "type": "github"
      }
    },
    "nimja-devel": {
      "inputs": {
        "flakeNimbleLib": [
          "flakeNimbleLib"
        ],
        "nixpkgs": [
          "nixpkgs"
        ],
        "src-nimja-devel": "src-nimja-devel"
      },
      "locked": {
        "dir": "devel",
        "lastModified": 1667322492,
        "narHash": "sha256-5SiOvpSW1GY74T2fEIbVbhJKAhe8+AVjxO5gqQ0reWE=",
        "owner": "nim-nix-pkgs",
        "repo": "nimja",
        "rev": "59eff9bb34a44d5988448a1878176ef435529675",
        "type": "github"
      },
      "original": {
        "dir": "devel",
        "owner": "nim-nix-pkgs",
        "ref": "master",
        "repo": "nimja",
        "type": "github"
      }
    },
    "nimja-master": {
      "inputs": {
        "flakeNimbleLib": [
          "flakeNimbleLib"
        ],
        "nixpkgs": [
          "nixpkgs"
        ],
        "src-nimja-master": "src-nimja-master"
      },
      "locked": {
        "dir": "master",
        "lastModified": 1667322492,
        "narHash": "sha256-5SiOvpSW1GY74T2fEIbVbhJKAhe8+AVjxO5gqQ0reWE=",
        "owner": "nim-nix-pkgs",
        "repo": "nimja",
        "rev": "59eff9bb34a44d5988448a1878176ef435529675",
        "type": "github"
      },
      "original": {
        "dir": "master",
        "owner": "nim-nix-pkgs",
        "ref": "master",
        "repo": "nimja",
        "type": "github"
      }
    },
    "nixpkgs": {
      "locked": {
        "lastModified": 1667199707,
        "narHash": "sha256-I2Js3Y7gUyVSEXPULHlBoRek4Lh85vnevdS6mdvDNLI=",
        "owner": "NixOS",
        "repo": "nixpkgs",
        "rev": "ced197be72099edcfa68ebed8b87af7b04851f45",
        "type": "github"
      },
      "original": {
        "id": "nixpkgs",
        "type": "indirect"
      }
    },
    "root": {
      "inputs": {
        "flakeNimbleLib": "flakeNimbleLib",
        "nimja-devel": "nimja-devel",
        "nimja-master": "nimja-master",
        "nixpkgs": "nixpkgs"
      }
    },
    "src-nimja-devel": {
      "flake": false,
      "locked": {
        "lastModified": 1629321754,
        "narHash": "sha256-5/rSRGWycTrtAAUMw4q6MwmgmEJ9qe0kagyo+Ojwwo4=",
        "owner": "enthus1ast",
        "repo": "nimja",
        "rev": "948e4b0127bf52b39b7317e262284319896a54e2",
        "type": "github"
      },
      "original": {
        "owner": "enthus1ast",
        "ref": "refs/heads/devel",
        "repo": "nimja",
        "type": "github"
      }
    },
    "src-nimja-master": {
      "flake": false,
      "locked": {
        "lastModified": 1665482102,
        "narHash": "sha256-tjvauK+BstlX/YNRRA0zlhtoOTTXMW0qV6xKzqEWe70=",
        "owner": "enthus1ast",
        "repo": "nimja",
        "rev": "9b321ff6da1c754cf123c66e62719d3e7d923315",
        "type": "github"
      },
      "original": {
        "owner": "enthus1ast",
        "ref": "refs/heads/master",
        "repo": "nimja",
        "type": "github"
      }
    }
  },
  "root": "root",
  "version": 7
}
