{
  "nodes": {
    "flakeNimbleLib": {
      "inputs": {
        "nixpkgs": [
          "nixpkgs"
        ]
      },
      "locked": {
        "lastModified": 1662018438,
        "narHash": "sha256-QtNtU6+LX3Wokxf0zlFwKTFOcn6TeDjKQZ+DA9OYtvM=",
        "owner": "riinr",
        "repo": "nim-flakes-lib",
        "rev": "b1fe8340736e3a85d25c709ac3dfd82a55c03cbf",
        "type": "github"
      },
      "original": {
        "owner": "riinr",
        "ref": "master",
        "repo": "nim-flakes-lib",
        "type": "github"
      }
    },
    "nimja-devel": {
      "inputs": {
        "flakeNimbleLib": [
          "flakeNimbleLib"
        ],
        "nixpkgs": [
          "nixpkgs"
        ],
        "src-nimja-devel": "src-nimja-devel"
      },
      "locked": {
        "dir": "devel",
        "lastModified": 1665581024,
        "narHash": "sha256-BrAyzy09pPbc7bf6WqbM2ayvIRLaUoD1PAUXa9EP7WA=",
        "owner": "nim-nix-pkgs",
        "repo": "nimja",
        "rev": "344adfc7e7ad087b4d5eaf3b2deafd5540b25107",
        "type": "github"
      },
      "original": {
        "dir": "devel",
        "owner": "nim-nix-pkgs",
        "ref": "master",
        "repo": "nimja",
        "type": "github"
      }
    },
    "nimja-master": {
      "inputs": {
        "flakeNimbleLib": [
          "flakeNimbleLib"
        ],
        "nixpkgs": [
          "nixpkgs"
        ],
        "src-nimja-master": "src-nimja-master"
      },
      "locked": {
        "dir": "master",
        "lastModified": 1665581024,
        "narHash": "sha256-BrAyzy09pPbc7bf6WqbM2ayvIRLaUoD1PAUXa9EP7WA=",
        "owner": "nim-nix-pkgs",
        "repo": "nimja",
        "rev": "344adfc7e7ad087b4d5eaf3b2deafd5540b25107",
        "type": "github"
      },
      "original": {
        "dir": "master",
        "owner": "nim-nix-pkgs",
        "ref": "master",
        "repo": "nimja",
        "type": "github"
      }
    },
    "nixpkgs": {
      "locked": {
        "lastModified": 1667110639,
        "narHash": "sha256-4FbPESZ5LbqQxkJJJBAfk/zKgF9h/4kyUwjjpJwYlbc=",
        "owner": "NixOS",
        "repo": "nixpkgs",
        "rev": "f38a1f04d1bec1feb61fd101a0539ae2002a7087",
        "type": "github"
      },
      "original": {
        "id": "nixpkgs",
        "type": "indirect"
      }
    },
    "root": {
      "inputs": {
        "flakeNimbleLib": "flakeNimbleLib",
        "nimja-devel": "nimja-devel",
        "nimja-master": "nimja-master",
        "nixpkgs": "nixpkgs"
      }
    },
    "src-nimja-devel": {
      "flake": false,
      "locked": {
        "lastModified": 1629321754,
        "narHash": "sha256-5/rSRGWycTrtAAUMw4q6MwmgmEJ9qe0kagyo+Ojwwo4=",
        "owner": "enthus1ast",
        "repo": "nimja",
        "rev": "948e4b0127bf52b39b7317e262284319896a54e2",
        "type": "github"
      },
      "original": {
        "owner": "enthus1ast",
        "ref": "refs/heads/devel",
        "repo": "nimja",
        "type": "github"
      }
    },
    "src-nimja-master": {
      "flake": false,
      "locked": {
        "lastModified": 1662132379,
        "narHash": "sha256-Gvv7un4wwtrdjhG7nUz1FEEOaHCrztpxAL2pWVQDpsQ=",
        "owner": "enthus1ast",
        "repo": "nimja",
        "rev": "f54cc4bff395de9e01c39fab3680db9223291814",
        "type": "github"
      },
      "original": {
        "owner": "enthus1ast",
        "ref": "refs/heads/master",
        "repo": "nimja",
        "type": "github"
      }
    }
  },
  "root": "root",
  "version": 7
}
