{
  "nodes": {
    "flakeNimbleLib": {
      "inputs": {
        "nixpkgs": [
          "nixpkgs"
        ]
      },
      "locked": {
        "lastModified": 1648105061,
        "narHash": "sha256-Je25qNlH4xrH3+m6vIq6yPvdfQ80FRTwX4JOhrRLduc=",
        "owner": "riinr",
        "repo": "nim-flakes-lib",
        "rev": "f1ec5e2f15b9f717c33b6942ce7cb344ff868522",
        "type": "github"
      },
      "original": {
        "owner": "riinr",
        "ref": "master",
        "repo": "nim-flakes-lib",
        "type": "github"
      }
    },
    "nimja-master": {
      "inputs": {
        "flakeNimbleLib": [
          "flakeNimbleLib"
        ],
        "nixpkgs": [
          "nixpkgs"
        ],
        "src-nimja-master": "src-nimja-master"
      },
      "locked": {
        "dir": "master",
        "lastModified": 1653702136,
        "narHash": "sha256-uLmkFDJwyecyK10txcjKJAsa3XVmqRZ8NRRoklwQP0g=",
        "owner": "nim-nix-pkgs",
        "repo": "nimja",
        "rev": "f37ef99450dd4df3d7afac9895f413f3dda4f477",
        "type": "github"
      },
      "original": {
        "dir": "master",
        "owner": "nim-nix-pkgs",
        "ref": "master",
        "repo": "nimja",
        "type": "github"
      }
    },
    "nixpkgs": {
      "locked": {
        "lastModified": 0,
        "narHash": "sha256-BBeCZwZImtjP3oYy4WogkQYy5OxNyfNciVSc1AfZgLQ=",
        "path": "/nix/store/z8fi1f38y14lmsyhnph1l98qr3r9x7wr-source",
        "type": "path"
      },
      "original": {
        "id": "nixpkgs",
        "type": "indirect"
      }
    },
    "root": {
      "inputs": {
        "flakeNimbleLib": "flakeNimbleLib",
        "nimja-master": "nimja-master",
        "nixpkgs": "nixpkgs"
      }
    },
    "src-nimja-master": {
      "flake": false,
      "locked": {
        "lastModified": 1649442569,
        "narHash": "sha256-Kk6thYWwYJIF903MVPnSF3XredULcPBlZpBgHZLvaSU=",
        "owner": "enthus1ast",
        "repo": "nimja",
        "rev": "9b19b2684ca593c3ba553422665e0168ee4e1a8c",
        "type": "github"
      },
      "original": {
        "owner": "enthus1ast",
        "ref": "refs/heads/master",
        "repo": "nimja",
        "type": "github"
      }
    }
  },
  "root": "root",
  "version": 7
}
